
Microsoft Visual Studio Solution File, Format Version 12.00
# Visual Studio Version 17
VisualStudioVersion = 17.8.34330.188
MinimumVisualStudioVersion = 10.0.40219.1
Project("{FAE04EC0-301F-11D3-BF4B-00C04F79EFBC}") = "JWTAuthServer.API", "JWTAuthServer.API\JWTAuthServer.API.csproj", "{BCD42B13-83F1-4C1C-8A64-CE4BEE17F9AB}"
EndProject
Project("{FAE04EC0-301F-11D3-BF4B-00C04F79EFBC}") = "JWTAuthServer.Core", "JWTAuthServer.Core\JWTAuthServer.Core.csproj", "{54C1B548-CE43-4F42-81A7-6A49A025500B}"
EndProject
Project("{FAE04EC0-301F-11D3-BF4B-00C04F79EFBC}") = "JWTAuthServer.Data", "JWTAuthServer.Data\JWTAuthServer.Data.csproj", "{3AB60D08-FE0D-4C94-AE32-F8D08D54E69A}"
EndProject
Project("{FAE04EC0-301F-11D3-BF4B-00C04F79EFBC}") = "JWTAuthServer.Service", "JWTAuthServer.Service\JWTAuthServer.Service.csproj", "{04336671-2484-4E1D-91CD-922C63A9301B}"
EndProject
Project("{FAE04EC0-301F-11D3-BF4B-00C04F79EFBC}") = "WithUser1.API", "WithUser1.API\WithUser1.API.csproj", "{ED2D8E8E-F08D-458E-8E43-E161BBB39A12}"
EndProject
Project("{FAE04EC0-301F-11D3-BF4B-00C04F79EFBC}") = "WithUser2.API", "WithUser2.API\WithUser2.API.csproj", "{269AC8B6-0DCD-4E53-9C69-08C294A3FA6A}"
EndProject
Project("{FAE04EC0-301F-11D3-BF4B-00C04F79EFBC}") = "WithoutUser.API", "WithoutUser.API\WithoutUser.API.csproj", "{81995F44-3980-4EDA-A3C9-D38F48004540}"
EndProject
Project("{FAE04EC0-301F-11D3-BF4B-00C04F79EFBC}") = "SharedLibrary", "SharedLibrary\SharedLibrary.csproj", "{C0D01A1A-ACDE-48F0-80F9-44827ACFB573}"
EndProject
Global
	GlobalSection(SolutionConfigurationPlatforms) = preSolution
		Debug|Any CPU = Debug|Any CPU
		Release|Any CPU = Release|Any CPU
	EndGlobalSection
	GlobalSection(ProjectConfigurationPlatforms) = postSolution
		{BCD42B13-83F1-4C1C-8A64-CE4BEE17F9AB}.Debug|Any CPU.ActiveCfg = Debug|Any CPU
		{BCD42B13-83F1-4C1C-8A64-CE4BEE17F9AB}.Debug|Any CPU.Build.0 = Debug|Any CPU
		{BCD42B13-83F1-4C1C-8A64-CE4BEE17F9AB}.Release|Any CPU.ActiveCfg = Release|Any CPU
		{BCD42B13-83F1-4C1C-8A64-CE4BEE17F9AB}.Release|Any CPU.Build.0 = Release|Any CPU
		{54C1B548-CE43-4F42-81A7-6A49A025500B}.Debug|Any CPU.ActiveCfg = Debug|Any CPU
		{54C1B548-CE43-4F42-81A7-6A49A025500B}.Debug|Any CPU.Build.0 = Debug|Any CPU
		{54C1B548-CE43-4F42-81A7-6A49A025500B}.Release|Any CPU.ActiveCfg = Release|Any CPU
		{54C1B548-CE43-4F42-81A7-6A49A025500B}.Release|Any CPU.Build.0 = Release|Any CPU
		{3AB60D08-FE0D-4C94-AE32-F8D08D54E69A}.Debug|Any CPU.ActiveCfg = Debug|Any CPU
		{3AB60D08-FE0D-4C94-AE32-F8D08D54E69A}.Debug|Any CPU.Build.0 = Debug|Any CPU
		{3AB60D08-FE0D-4C94-AE32-F8D08D54E69A}.Release|Any CPU.ActiveCfg = Release|Any CPU
		{3AB60D08-FE0D-4C94-AE32-F8D08D54E69A}.Release|Any CPU.Build.0 = Release|Any CPU
		{04336671-2484-4E1D-91CD-922C63A9301B}.Debug|Any CPU.ActiveCfg = Debug|Any CPU
		{04336671-2484-4E1D-91CD-922C63A9301B}.Debug|Any CPU.Build.0 = Debug|Any CPU
		{04336671-2484-4E1D-91CD-922C63A9301B}.Release|Any CPU.ActiveCfg = Release|Any CPU
		{04336671-2484-4E1D-91CD-922C63A9301B}.Release|Any CPU.Build.0 = Release|Any CPU
		{ED2D8E8E-F08D-458E-8E43-E161BBB39A12}.Debug|Any CPU.ActiveCfg = Debug|Any CPU
		{ED2D8E8E-F08D-458E-8E43-E161BBB39A12}.Debug|Any CPU.Build.0 = Debug|Any CPU
		{ED2D8E8E-F08D-458E-8E43-E161BBB39A12}.Release|Any CPU.ActiveCfg = Release|Any CPU
		{ED2D8E8E-F08D-458E-8E43-E161BBB39A12}.Release|Any CPU.Build.0 = Release|Any CPU
		{269AC8B6-0DCD-4E53-9C69-08C294A3FA6A}.Debug|Any CPU.ActiveCfg = Debug|Any CPU
		{269AC8B6-0DCD-4E53-9C69-08C294A3FA6A}.Debug|Any CPU.Build.0 = Debug|Any CPU
		{269AC8B6-0DCD-4E53-9C69-08C294A3FA6A}.Release|Any CPU.ActiveCfg = Release|Any CPU
		{269AC8B6-0DCD-4E53-9C69-08C294A3FA6A}.Release|Any CPU.Build.0 = Release|Any CPU
		{81995F44-3980-4EDA-A3C9-D38F48004540}.Debug|Any CPU.ActiveCfg = Debug|Any CPU
		{81995F44-3980-4EDA-A3C9-D38F48004540}.Debug|Any CPU.Build.0 = Debug|Any CPU
		{81995F44-3980-4EDA-A3C9-D38F48004540}.Release|Any CPU.ActiveCfg = Release|Any CPU
		{81995F44-3980-4EDA-A3C9-D38F48004540}.Release|Any CPU.Build.0 = Release|Any CPU
		{C0D01A1A-ACDE-48F0-80F9-44827ACFB573}.Debug|Any CPU.ActiveCfg = Debug|Any CPU
		{C0D01A1A-ACDE-48F0-80F9-44827ACFB573}.Debug|Any CPU.Build.0 = Debug|Any CPU
		{C0D01A1A-ACDE-48F0-80F9-44827ACFB573}.Release|Any CPU.ActiveCfg = Release|Any CPU
		{C0D01A1A-ACDE-48F0-80F9-44827ACFB573}.Release|Any CPU.Build.0 = Release|Any CPU
	EndGlobalSection
	GlobalSection(SolutionProperties) = preSolution
		HideSolutionNode = FALSE
	EndGlobalSection
	GlobalSection(ExtensibilityGlobals) = postSolution
		SolutionGuid = {96DC9B70-F917-4A3E-865B-19378A78CFF6}
	EndGlobalSection
EndGlobal
